
Microsoft Visual Studio Solution File, Format Version 12.00
# Visual Studio Version 17
VisualStudioVersion = 17.2.32602.215
MinimumVisualStudioVersion = 10.0.40219.1
Project("{FAE04EC0-301F-11D3-BF4B-00C04F79EFBC}") = "MyCalc", "MyCalc\MyCalc.csproj", "{8B572CD9-1970-42F7-846D-94FF035814A0}"
EndProject
Project("{FAE04EC0-301F-11D3-BF4B-00C04F79EFBC}") = "HelloApp", "HelloApp\HelloApp.csproj", "{4F1D34FD-DC18-4C9E-BB2D-2E24B0BBD1A9}"
EndProject
Global
	GlobalSection(SolutionConfigurationPlatforms) = preSolution
		Debug|Any CPU = Debug|Any CPU
		Release|Any CPU = Release|Any CPU
	EndGlobalSection
	GlobalSection(ProjectConfigurationPlatforms) = postSolution
		{8B572CD9-1970-42F7-846D-94FF035814A0}.Debug|Any CPU.ActiveCfg = Debug|Any CPU
		{8B572CD9-1970-42F7-846D-94FF035814A0}.Debug|Any CPU.Build.0 = Debug|Any CPU
		{8B572CD9-1970-42F7-846D-94FF035814A0}.Release|Any CPU.ActiveCfg = Release|Any CPU
		{8B572CD9-1970-42F7-846D-94FF035814A0}.Release|Any CPU.Build.0 = Release|Any CPU
		{4F1D34FD-DC18-4C9E-BB2D-2E24B0BBD1A9}.Debug|Any CPU.ActiveCfg = Debug|Any CPU
		{4F1D34FD-DC18-4C9E-BB2D-2E24B0BBD1A9}.Debug|Any CPU.Build.0 = Debug|Any CPU
		{4F1D34FD-DC18-4C9E-BB2D-2E24B0BBD1A9}.Release|Any CPU.ActiveCfg = Release|Any CPU
		{4F1D34FD-DC18-4C9E-BB2D-2E24B0BBD1A9}.Release|Any CPU.Build.0 = Release|Any CPU
	EndGlobalSection
	GlobalSection(SolutionProperties) = preSolution
		HideSolutionNode = FALSE
	EndGlobalSection
	GlobalSection(ExtensibilityGlobals) = postSolution
		SolutionGuid = {EA6AC699-F59C-4B8F-AEB2-B9D6F1D60554}
	EndGlobalSection
EndGlobal
